Microsoft Visual Studio Solution File, Format Version 12.00
# Visual Studio Version 17
VisualStudioVersion = 17.0.31903.59
MinimumVisualStudioVersion = 10.0.40219.1
Project("{FAE04EC0-301F-11D3-BF4B-00C04F79EFBC}") = "QuestHomeSwitcher.Core", "src\QuestHomeSwitcher.Core\QuestHomeSwitcher.Core.csproj", "{38A7D68B-6C43-4D9C-AE31-067E34A5B73B}"
EndProject
Project("{FAE04EC0-301F-11D3-BF4B-00C04F79EFBC}") = "QuestHomeSwitcher.Cli", "src\QuestHomeSwitcher.Cli\QuestHomeSwitcher.Cli.csproj", "{2C665174-DCE4-47C8-BF63-90C3D4E249B8}"
EndProject
Project("{FAE04EC0-301F-11D3-BF4B-00C04F79EFBC}") = "QuestHomeSwitcher.Core.Tests", "tests\QuestHomeSwitcher.Core.Tests\QuestHomeSwitcher.Core.Tests.csproj", "{78A6A936-C4E5-4C6A-A5DA-4953D2F746D8}"
EndProject
Global
	GlobalSection(SolutionConfigurationPlatforms) = preSolution
		Debug|Any CPU = Debug|Any CPU
		Release|Any CPU = Release|Any CPU
	EndGlobalSection
	GlobalSection(ProjectConfigurationPlatforms) = postSolution
		{38A7D68B-6C43-4D9C-AE31-067E34A5B73B}.Debug|Any CPU.ActiveCfg = Debug|Any CPU
		{38A7D68B-6C43-4D9C-AE31-067E34A5B73B}.Debug|Any CPU.Build.0 = Debug|Any CPU
		{38A7D68B-6C43-4D9C-AE31-067E34A5B73B}.Release|Any CPU.ActiveCfg = Release|Any CPU
		{38A7D68B-6C43-4D9C-AE31-067E34A5B73B}.Release|Any CPU.Build.0 = Release|Any CPU
		{2C665174-DCE4-47C8-BF63-90C3D4E249B8}.Debug|Any CPU.ActiveCfg = Debug|Any CPU
		{2C665174-DCE4-47C8-BF63-90C3D4E249B8}.Debug|Any CPU.Build.0 = Debug|Any CPU
		{2C665174-DCE4-47C8-BF63-90C3D4E249B8}.Release|Any CPU.ActiveCfg = Release|Any CPU
		{2C665174-DCE4-47C8-BF63-90C3D4E249B8}.Release|Any CPU.Build.0 = Release|Any CPU
		{78A6A936-C4E5-4C6A-A5DA-4953D2F746D8}.Debug|Any CPU.ActiveCfg = Debug|Any CPU
		{78A6A936-C4E5-4C6A-A5DA-4953D2F746D8}.Debug|Any CPU.Build.0 = Debug|Any CPU
		{78A6A936-C4E5-4C6A-A5DA-4953D2F746D8}.Release|Any CPU.ActiveCfg = Release|Any CPU
		{78A6A936-C4E5-4C6A-A5DA-4953D2F746D8}.Release|Any CPU.Build.0 = Release|Any CPU
	EndGlobalSection
EndGlobal
